// !$*UTF8*$!
{
	archiveVersion = 1;
	classes = {
	};
	objectVersion = 50;
	objects = {

/* Begin PBXBuildFile section */
		830E6C7D21C92F0900010D71 /* OnboardingImageViewController.swift in Sources */ = {isa = PBXBuildFile; fileRef = 830E6C7C21C92F0900010D71 /* OnboardingImageViewController.swift */; };
		837352F021B7F7D500D1B159 /* OnboardingIntroViewController.swift in Sources */ = {isa = PBXBuildFile; fileRef = 837352EF21B7F7D500D1B159 /* OnboardingIntroViewController.swift */; };
		837352F421B94C1A00D1B159 /* SEGOEUI.TTF in Resources */ = {isa = PBXBuildFile; fileRef = 837352F321B94C0400D1B159 /* SEGOEUI.TTF */; };
		837352F621B94CDA00D1B159 /* segoe-ui-bold.ttf in Resources */ = {isa = PBXBuildFile; fileRef = 837352F521B94CDA00D1B159 /* segoe-ui-bold.ttf */; };
		837352F821B9534C00D1B159 /* OnboardingNameViewController.swift in Sources */ = {isa = PBXBuildFile; fileRef = 837352F721B9534C00D1B159 /* OnboardingNameViewController.swift */; };
		837352FA21C1341B00D1B159 /* OnboardingAgeViewController.swift in Sources */ = {isa = PBXBuildFile; fileRef = 837352F921C1341B00D1B159 /* OnboardingAgeViewController.swift */; };
		837352FF21C2A34100D1B159 /* UITextField+custom.swift in Sources */ = {isa = PBXBuildFile; fileRef = 837352FE21C2A34100D1B159 /* UITextField+custom.swift */; };
		8373530121C2C3C700D1B159 /* OnboardingGenderViewController.swift in Sources */ = {isa = PBXBuildFile; fileRef = 8373530021C2C3C700D1B159 /* OnboardingGenderViewController.swift */; };
		8373530321C2C6FD00D1B159 /* UIView+custom.swift in Sources */ = {isa = PBXBuildFile; fileRef = 8373530221C2C6FD00D1B159 /* UIView+custom.swift */; };
		8373530521C4011800D1B159 /* UIColor.swift in Sources */ = {isa = PBXBuildFile; fileRef = 8373530421C4011800D1B159 /* UIColor.swift */; };
		8373530721C41CB400D1B159 /* OnboardingPreferenceViewController.swift in Sources */ = {isa = PBXBuildFile; fileRef = 8373530621C41CB300D1B159 /* OnboardingPreferenceViewController.swift */; };
		8623628521B537B000DFCA94 /* PassedRelation.swift in Sources */ = {isa = PBXBuildFile; fileRef = 8623628421B537B000DFCA94 /* PassedRelation.swift */; };
		8654308321B42AE900C6CC31 /* AppDelegate.swift in Sources */ = {isa = PBXBuildFile; fileRef = 8654308221B42AE900C6CC31 /* AppDelegate.swift */; };
		8654308521B42AE900C6CC31 /* HomeController.swift in Sources */ = {isa = PBXBuildFile; fileRef = 8654308421B42AE900C6CC31 /* HomeController.swift */; };
		8654308821B42AE900C6CC31 /* Main.storyboard in Resources */ = {isa = PBXBuildFile; fileRef = 8654308621B42AE900C6CC31 /* Main.storyboard */; };
		8654308A21B42AEC00C6CC31 /* Assets.xcassets in Resources */ = {isa = PBXBuildFile; fileRef = 8654308921B42AEC00C6CC31 /* Assets.xcassets */; };
		8654308D21B42AEC00C6CC31 /* LaunchScreen.storyboard in Resources */ = {isa = PBXBuildFile; fileRef = 8654308B21B42AEC00C6CC31 /* LaunchScreen.storyboard */; };
		8654309621B4A96E00C6CC31 /* Extensions.swift in Sources */ = {isa = PBXBuildFile; fileRef = 8654309521B4A96E00C6CC31 /* Extensions.swift */; };
		8654309921B4AA0100C6CC31 /* passedSparkCell.swift in Sources */ = {isa = PBXBuildFile; fileRef = 8654309821B4AA0100C6CC31 /* passedSparkCell.swift */; };
		8654309C21B4AC2400C6CC31 /* MenuBar.swift in Sources */ = {isa = PBXBuildFile; fileRef = 8654309B21B4AC2400C6CC31 /* MenuBar.swift */; };
		8680874321B70FEC00B57133 /* ApiService.swift in Sources */ = {isa = PBXBuildFile; fileRef = 8680874221B70FEC00B57133 /* ApiService.swift */; };
		8680874521B7219A00B57133 /* TabCell.swift in Sources */ = {isa = PBXBuildFile; fileRef = 8680874421B7219A00B57133 /* TabCell.swift */; };
		8680874721B72E7400B57133 /* Tab3Cell.swift in Sources */ = {isa = PBXBuildFile; fileRef = 8680874621B72E7400B57133 /* Tab3Cell.swift */; };
/* End PBXBuildFile section */

/* Begin PBXFileReference section */
		830E6C7C21C92F0900010D71 /* OnboardingImageViewController.swift */ = {isa = PBXFileReference; lastKnownFileType = sourcecode.swift; path = OnboardingImageViewController.swift; sourceTree = "<group>"; };
		837352EF21B7F7D500D1B159 /* OnboardingIntroViewController.swift */ = {isa = PBXFileReference; lastKnownFileType = sourcecode.swift; path = OnboardingIntroViewController.swift; sourceTree = "<group>"; };
		837352F321B94C0400D1B159 /* SEGOEUI.TTF */ = {isa = PBXFileReference; lastKnownFileType = file; name = SEGOEUI.TTF; path = "../../../../../Downloads/segoe-ui/SEGOEUI.TTF"; sourceTree = "<group>"; };
		837352F521B94CDA00D1B159 /* segoe-ui-bold.ttf */ = {isa = PBXFileReference; lastKnownFileType = file; name = "segoe-ui-bold.ttf"; path = "../../../../../Downloads/segoe-ui-bold.ttf"; sourceTree = "<group>"; };
		837352F721B9534C00D1B159 /* OnboardingNameViewController.swift */ = {isa = PBXFileReference; lastKnownFileType = sourcecode.swift; path = OnboardingNameViewController.swift; sourceTree = "<group>"; };
		837352F921C1341B00D1B159 /* OnboardingAgeViewController.swift */ = {isa = PBXFileReference; lastKnownFileType = sourcecode.swift; path = OnboardingAgeViewController.swift; sourceTree = "<group>"; };
		837352FE21C2A34100D1B159 /* UITextField+custom.swift */ = {isa = PBXFileReference; lastKnownFileType = sourcecode.swift; path = "UITextField+custom.swift"; sourceTree = "<group>"; };
		8373530021C2C3C700D1B159 /* OnboardingGenderViewController.swift */ = {isa = PBXFileReference; lastKnownFileType = sourcecode.swift; path = OnboardingGenderViewController.swift; sourceTree = "<group>"; };
		8373530221C2C6FD00D1B159 /* UIView+custom.swift */ = {isa = PBXFileReference; lastKnownFileType = sourcecode.swift; path = "UIView+custom.swift"; sourceTree = "<group>"; };
		8373530421C4011800D1B159 /* UIColor.swift */ = {isa = PBXFileReference; lastKnownFileType = sourcecode.swift; path = UIColor.swift; sourceTree = "<group>"; };
		8373530621C41CB300D1B159 /* OnboardingPreferenceViewController.swift */ = {isa = PBXFileReference; lastKnownFileType = sourcecode.swift; path = OnboardingPreferenceViewController.swift; sourceTree = "<group>"; };
		8623628421B537B000DFCA94 /* PassedRelation.swift */ = {isa = PBXFileReference; lastKnownFileType = sourcecode.swift; path = PassedRelation.swift; sourceTree = "<group>"; };
		8654307F21B42AE900C6CC31 /* Spark.app */ = {isa = PBXFileReference; explicitFileType = wrapper.application; includeInIndex = 0; path = Spark.app; sourceTree = BUILT_PRODUCTS_DIR; };
		8654308221B42AE900C6CC31 /* AppDelegate.swift */ = {isa = PBXFileReference; lastKnownFileType = sourcecode.swift; path = AppDelegate.swift; sourceTree = "<group>"; };
		8654308421B42AE900C6CC31 /* HomeController.swift */ = {isa = PBXFileReference; lastKnownFileType = sourcecode.swift; path = HomeController.swift; sourceTree = "<group>"; };
		8654308721B42AE900C6CC31 /* Base */ = {isa = PBXFileReference; lastKnownFileType = file.storyboard; name = Base; path = Base.lproj/Main.storyboard; sourceTree = "<group>"; };
		8654308921B42AEC00C6CC31 /* Assets.xcassets */ = {isa = PBXFileReference; lastKnownFileType = folder.assetcatalog; path = Assets.xcassets; sourceTree = "<group>"; };
		8654308C21B42AEC00C6CC31 /* Base */ = {isa = PBXFileReference; lastKnownFileType = file.storyboard; name = Base; path = Base.lproj/LaunchScreen.storyboard; sourceTree = "<group>"; };
		8654308E21B42AEC00C6CC31 /* Info.plist */ = {isa = PBXFileReference; lastKnownFileType = text.plist.xml; path = Info.plist; sourceTree = "<group>"; };
		8654309521B4A96E00C6CC31 /* Extensions.swift */ = {isa = PBXFileReference; lastKnownFileType = sourcecode.swift; path = Extensions.swift; sourceTree = "<group>"; };
		8654309821B4AA0100C6CC31 /* passedSparkCell.swift */ = {isa = PBXFileReference; lastKnownFileType = sourcecode.swift; path = passedSparkCell.swift; sourceTree = "<group>"; };
		8654309B21B4AC2400C6CC31 /* MenuBar.swift */ = {isa = PBXFileReference; lastKnownFileType = sourcecode.swift; path = MenuBar.swift; sourceTree = "<group>"; };
		8680874221B70FEC00B57133 /* ApiService.swift */ = {isa = PBXFileReference; lastKnownFileType = sourcecode.swift; path = ApiService.swift; sourceTree = "<group>"; };
		8680874421B7219A00B57133 /* TabCell.swift */ = {isa = PBXFileReference; lastKnownFileType = sourcecode.swift; path = TabCell.swift; sourceTree = "<group>"; };
		8680874621B72E7400B57133 /* Tab3Cell.swift */ = {isa = PBXFileReference; lastKnownFileType = sourcecode.swift; path = Tab3Cell.swift; sourceTree = "<group>"; };
/* End PBXFileReference section */

/* Begin PBXFrameworksBuildPhase section */
		8654307C21B42AE900C6CC31 /* Frameworks */ = {
			isa = PBXFrameworksBuildPhase;
			buildActionMask = 2147483647;
			files = (
			);
			runOnlyForDeploymentPostprocessing = 0;
		};
/* End PBXFrameworksBuildPhase section */

/* Begin PBXGroup section */
		837352EE21B7F4B200D1B159 /* onboarding */ = {
			isa = PBXGroup;
			children = (
				837352EF21B7F7D500D1B159 /* OnboardingIntroViewController.swift */,
				837352F721B9534C00D1B159 /* OnboardingNameViewController.swift */,
				837352F921C1341B00D1B159 /* OnboardingAgeViewController.swift */,
				8373530021C2C3C700D1B159 /* OnboardingGenderViewController.swift */,
				8373530621C41CB300D1B159 /* OnboardingPreferenceViewController.swift */,
				830E6C7C21C92F0900010D71 /* OnboardingImageViewController.swift */,
			);
			path = onboarding;
			sourceTree = "<group>";
		};
		837352F221B94BE000D1B159 /* fonts */ = {
			isa = PBXGroup;
			children = (
				837352F321B94C0400D1B159 /* SEGOEUI.TTF */,
				837352F521B94CDA00D1B159 /* segoe-ui-bold.ttf */,
			);
			path = fonts;
			sourceTree = "<group>";
		};
		837352FD21C2A31300D1B159 /* extensions */ = {
			isa = PBXGroup;
			children = (
				837352FE21C2A34100D1B159 /* UITextField+custom.swift */,
				8373530221C2C6FD00D1B159 /* UIView+custom.swift */,
				8373530421C4011800D1B159 /* UIColor.swift */,
			);
			path = extensions;
			sourceTree = "<group>";
		};
		8623628321B5379400DFCA94 /* Model */ = {
			isa = PBXGroup;
			children = (
				8623628421B537B000DFCA94 /* PassedRelation.swift */,
			);
			path = Model;
			sourceTree = "<group>";
		};
		8654307621B42AE900C6CC31 = {
			isa = PBXGroup;
			children = (
				8654308121B42AE900C6CC31 /* Spark */,
				8654308021B42AE900C6CC31 /* Products */,
			);
			sourceTree = "<group>";
		};
		8654308021B42AE900C6CC31 /* Products */ = {
			isa = PBXGroup;
			children = (
				8654307F21B42AE900C6CC31 /* Spark.app */,
			);
			name = Products;
			sourceTree = "<group>";
		};
		8654308121B42AE900C6CC31 /* Spark */ = {
			isa = PBXGroup;
			children = (
				837352FD21C2A31300D1B159 /* extensions */,
				837352F221B94BE000D1B159 /* fonts */,
				837352EE21B7F4B200D1B159 /* onboarding */,
				8680874121B70FB300B57133 /* ApiService */,
				8623628321B5379400DFCA94 /* Model */,
				8654309A21B4AA6800C6CC31 /* Controller */,
				8654309721B4A9DC00C6CC31 /* View */,
				8654309421B4A93400C6CC31 /* Helpers */,
				8654308221B42AE900C6CC31 /* AppDelegate.swift */,
				8654308621B42AE900C6CC31 /* Main.storyboard */,
				8654308921B42AEC00C6CC31 /* Assets.xcassets */,
				8654308B21B42AEC00C6CC31 /* LaunchScreen.storyboard */,
				8654308E21B42AEC00C6CC31 /* Info.plist */,
			);
			path = Spark;
			sourceTree = "<group>";
		};
		8654309421B4A93400C6CC31 /* Helpers */ = {
			isa = PBXGroup;
			children = (
				8654309521B4A96E00C6CC31 /* Extensions.swift */,
			);
			path = Helpers;
			sourceTree = "<group>";
		};
		8654309721B4A9DC00C6CC31 /* View */ = {
			isa = PBXGroup;
			children = (
				8654309821B4AA0100C6CC31 /* passedSparkCell.swift */,
				8654309B21B4AC2400C6CC31 /* MenuBar.swift */,
				8680874421B7219A00B57133 /* TabCell.swift */,
				8680874621B72E7400B57133 /* Tab3Cell.swift */,
			);
			path = View;
			sourceTree = "<group>";
		};
		8654309A21B4AA6800C6CC31 /* Controller */ = {
			isa = PBXGroup;
			children = (
				8654308421B42AE900C6CC31 /* HomeController.swift */,
			);
			path = Controller;
			sourceTree = "<group>";
		};
		8680874121B70FB300B57133 /* ApiService */ = {
			isa = PBXGroup;
			children = (
				8680874221B70FEC00B57133 /* ApiService.swift */,
			);
			path = ApiService;
			sourceTree = "<group>";
		};
/* End PBXGroup section */

/* Begin PBXNativeTarget section */
		8654307E21B42AE900C6CC31 /* Spark */ = {
			isa = PBXNativeTarget;
			buildConfigurationList = 8654309121B42AEC00C6CC31 /* Build configuration list for PBXNativeTarget "Spark" */;
			buildPhases = (
				8654307B21B42AE900C6CC31 /* Sources */,
				8654307C21B42AE900C6CC31 /* Frameworks */,
				8654307D21B42AE900C6CC31 /* Resources */,
			);
			buildRules = (
			);
			dependencies = (
			);
			name = Spark;
			productName = Spark;
			productReference = 8654307F21B42AE900C6CC31 /* Spark.app */;
			productType = "com.apple.product-type.application";
		};
/* End PBXNativeTarget section */

/* Begin PBXProject section */
		8654307721B42AE900C6CC31 /* Project object */ = {
			isa = PBXProject;
			attributes = {
				KnownAssetTags = (
					1,
					2,
				);
				LastSwiftUpdateCheck = 0930;
				LastUpgradeCheck = 0930;
				ORGANIZATIONNAME = "Spark Inc.";
				TargetAttributes = {
					8654307E21B42AE900C6CC31 = {
						CreatedOnToolsVersion = 9.3;
					};
				};
			};
			buildConfigurationList = 8654307A21B42AE900C6CC31 /* Build configuration list for PBXProject "Spark" */;
			compatibilityVersion = "Xcode 9.3";
			developmentRegion = en;
			hasScannedForEncodings = 0;
			knownRegions = (
				en,
				Base,
			);
			mainGroup = 8654307621B42AE900C6CC31;
			productRefGroup = 8654308021B42AE900C6CC31 /* Products */;
			projectDirPath = "";
			projectRoot = "";
			targets = (
				8654307E21B42AE900C6CC31 /* Spark */,
			);
		};
/* End PBXProject section */

/* Begin PBXResourcesBuildPhase section */
		8654307D21B42AE900C6CC31 /* Resources */ = {
			isa = PBXResourcesBuildPhase;
			buildActionMask = 2147483647;
			files = (
				837352F421B94C1A00D1B159 /* SEGOEUI.TTF in Resources */,
				8654308D21B42AEC00C6CC31 /* LaunchScreen.storyboard in Resources */,
				8654308A21B42AEC00C6CC31 /* Assets.xcassets in Resources */,
				8654308821B42AE900C6CC31 /* Main.storyboard in Resources */,
				837352F621B94CDA00D1B159 /* segoe-ui-bold.ttf in Resources */,
			);
			runOnlyForDeploymentPostprocessing = 0;
		};
/* End PBXResourcesBuildPhase section */

/* Begin PBXSourcesBuildPhase section */
		8654307B21B42AE900C6CC31 /* Sources */ = {
			isa = PBXSourcesBuildPhase;
			buildActionMask = 2147483647;
			files = (
				8654308521B42AE900C6CC31 /* HomeController.swift in Sources */,
				8680874721B72E7400B57133 /* Tab3Cell.swift in Sources */,
				8680874521B7219A00B57133 /* TabCell.swift in Sources */,
				8623628521B537B000DFCA94 /* PassedRelation.swift in Sources */,
				8373530121C2C3C700D1B159 /* OnboardingGenderViewController.swift in Sources */,
				8373530521C4011800D1B159 /* UIColor.swift in Sources */,
				8654309921B4AA0100C6CC31 /* passedSparkCell.swift in Sources */,
				837352FA21C1341B00D1B159 /* OnboardingAgeViewController.swift in Sources */,
				8654309621B4A96E00C6CC31 /* Extensions.swift in Sources */,
				830E6C7D21C92F0900010D71 /* OnboardingImageViewController.swift in Sources */,
				8373530321C2C6FD00D1B159 /* UIView+custom.swift in Sources */,
				8654308321B42AE900C6CC31 /* AppDelegate.swift in Sources */,
				837352F021B7F7D500D1B159 /* OnboardingIntroViewController.swift in Sources */,
				8680874321B70FEC00B57133 /* ApiService.swift in Sources */,
				8373530721C41CB400D1B159 /* OnboardingPreferenceViewController.swift in Sources */,
				837352F821B9534C00D1B159 /* OnboardingNameViewController.swift in Sources */,
				8654309C21B4AC2400C6CC31 /* MenuBar.swift in Sources */,
				837352FF21C2A34100D1B159 /* UITextField+custom.swift in Sources */,
			);
			runOnlyForDeploymentPostprocessing = 0;
		};
/* End PBXSourcesBuildPhase section */

/* Begin PBXVariantGroup section */
		8654308621B42AE900C6CC31 /* Main.storyboard */ = {
			isa = PBXVariantGroup;
			children = (
				8654308721B42AE900C6CC31 /* Base */,
			);
			name = Main.storyboard;
			sourceTree = "<group>";
		};
		8654308B21B42AEC00C6CC31 /* LaunchScreen.storyboard */ = {
			isa = PBXVariantGroup;
			children = (
				8654308C21B42AEC00C6CC31 /* Base */,
			);
			name = LaunchScreen.storyboard;
			sourceTree = "<group>";
		};
/* End PBXVariantGroup section */

/* Begin XCBuildConfiguration section */
		8654308F21B42AEC00C6CC31 /* Debug */ = {
			isa = XCBuildConfiguration;
			buildSettings = {
				ALWAYS_SEARCH_USER_PATHS = NO;
				CLANG_ANALYZER_NONNULL = YES;
				CLANG_ANALYZER_NUMBER_OBJECT_CONVERSION = YES_AGGRESSIVE;
				CLANG_CXX_LANGUAGE_STANDARD = "gnu++14";
				CLANG_CXX_LIBRARY = "libc++";
				CLANG_ENABLE_MODULES = YES;
				CLANG_ENABLE_OBJC_ARC = YES;
				CLANG_ENABLE_OBJC_WEAK = YES;
				CLANG_WARN_BLOCK_CAPTURE_AUTORELEASING = YES;
				CLANG_WARN_BOOL_CONVERSION = YES;
				CLANG_WARN_COMMA = YES;
				CLANG_WARN_CONSTANT_CONVERSION = YES;
				CLANG_WARN_DEPRECATED_OBJC_IMPLEMENTATIONS = YES;
				CLANG_WARN_DIRECT_OBJC_ISA_USAGE = YES_ERROR;
				CLANG_WARN_DOCUMENTATION_COMMENTS = YES;
				CLANG_WARN_EMPTY_BODY = YES;
				CLANG_WARN_ENUM_CONVERSION = YES;
				CLANG_WARN_INFINITE_RECURSION = YES;
				CLANG_WARN_INT_CONVERSION = YES;
				CLANG_WARN_NON_LITERAL_NULL_CONVERSION = YES;
				CLANG_WARN_OBJC_IMPLICIT_RETAIN_SELF = YES;
				CLANG_WARN_OBJC_LITERAL_CONVERSION = YES;
				CLANG_WARN_OBJC_ROOT_CLASS = YES_ERROR;
				CLANG_WARN_RANGE_LOOP_ANALYSIS = YES;
				CLANG_WARN_STRICT_PROTOTYPES = YES;
				CLANG_WARN_SUSPICIOUS_MOVE = YES;
				CLANG_WARN_UNGUARDED_AVAILABILITY = YES_AGGRESSIVE;
				CLANG_WARN_UNREACHABLE_CODE = YES;
				CLANG_WARN__DUPLICATE_METHOD_MATCH = YES;
				CODE_SIGN_IDENTITY = "iPhone Developer";
				COPY_PHASE_STRIP = NO;
				DEBUG_INFORMATION_FORMAT = dwarf;
				ENABLE_STRICT_OBJC_MSGSEND = YES;
				ENABLE_TESTABILITY = YES;
				GCC_C_LANGUAGE_STANDARD = gnu11;
				GCC_DYNAMIC_NO_PIC = NO;
				GCC_NO_COMMON_BLOCKS = YES;
				GCC_OPTIMIZATION_LEVEL = 0;
				GCC_PREPROCESSOR_DEFINITIONS = (
					"DEBUG=1",
					"$(inherited)",
				);
				GCC_WARN_64_TO_32_BIT_CONVERSION = YES;
				GCC_WARN_ABOUT_RETURN_TYPE = YES_ERROR;
				GCC_WARN_UNDECLARED_SELECTOR = YES;
				GCC_WARN_UNINITIALIZED_AUTOS = YES_AGGRESSIVE;
				GCC_WARN_UNUSED_FUNCTION = YES;
				GCC_WARN_UNUSED_VARIABLE = YES;
				IPHONEOS_DEPLOYMENT_TARGET = 11.3;
				MTL_ENABLE_DEBUG_INFO = YES;
				ONLY_ACTIVE_ARCH = YES;
				SDKROOT = iphoneos;
				SWIFT_ACTIVE_COMPILATION_CONDITIONS = DEBUG;
				SWIFT_OPTIMIZATION_LEVEL = "-Onone";
			};
			name = Debug;
		};
		8654309021B42AEC00C6CC31 /* Release */ = {
			isa = XCBuildConfiguration;
			buildSettings = {
				ALWAYS_SEARCH_USER_PATHS = NO;
				CLANG_ANALYZER_NONNULL = YES;
				CLANG_ANALYZER_NUMBER_OBJECT_CONVERSION = YES_AGGRESSIVE;
				CLANG_CXX_LANGUAGE_STANDARD = "gnu++14";
				CLANG_CXX_LIBRARY = "libc++";
				CLANG_ENABLE_MODULES = YES;
				CLANG_ENABLE_OBJC_ARC = YES;
				CLANG_ENABLE_OBJC_WEAK = YES;
				CLANG_WARN_BLOCK_CAPTURE_AUTORELEASING = YES;
				CLANG_WARN_BOOL_CONVERSION = YES;
				CLANG_WARN_COMMA = YES;
				CLANG_WARN_CONSTANT_CONVERSION = YES;
				CLANG_WARN_DEPRECATED_OBJC_IMPLEMENTATIONS = YES;
				CLANG_WARN_DIRECT_OBJC_ISA_USAGE = YES_ERROR;
				CLANG_WARN_DOCUMENTATION_COMMENTS = YES;
				CLANG_WARN_EMPTY_BODY = YES;
				CLANG_WARN_ENUM_CONVERSION = YES;
				CLANG_WARN_INFINITE_RECURSION = YES;
				CLANG_WARN_INT_CONVERSION = YES;
				CLANG_WARN_NON_LITERAL_NULL_CONVERSION = YES;
				CLANG_WARN_OBJC_IMPLICIT_RETAIN_SELF = YES;
				CLANG_WARN_OBJC_LITERAL_CONVERSION = YES;
				CLANG_WARN_OBJC_ROOT_CLASS = YES_ERROR;
				CLANG_WARN_RANGE_LOOP_ANALYSIS = YES;
				CLANG_WARN_STRICT_PROTOTYPES = YES;
				CLANG_WARN_SUSPICIOUS_MOVE = YES;
				CLANG_WARN_UNGUARDED_AVAILABILITY = YES_AGGRESSIVE;
				CLANG_WARN_UNREACHABLE_CODE = YES;
				CLANG_WARN__DUPLICATE_METHOD_MATCH = YES;
				CODE_SIGN_IDENTITY = "iPhone Developer";
				COPY_PHASE_STRIP = NO;
				DEBUG_INFORMATION_FORMAT = "dwarf-with-dsym";
				ENABLE_NS_ASSERTIONS = NO;
				ENABLE_STRICT_OBJC_MSGSEND = YES;
				GCC_C_LANGUAGE_STANDARD = gnu11;
				GCC_NO_COMMON_BLOCKS = YES;
				GCC_WARN_64_TO_32_BIT_CONVERSION = YES;
				GCC_WARN_ABOUT_RETURN_TYPE = YES_ERROR;
				GCC_WARN_UNDECLARED_SELECTOR = YES;
				GCC_WARN_UNINITIALIZED_AUTOS = YES_AGGRESSIVE;
				GCC_WARN_UNUSED_FUNCTION = YES;
				GCC_WARN_UNUSED_VARIABLE = YES;
				IPHONEOS_DEPLOYMENT_TARGET = 11.3;
				MTL_ENABLE_DEBUG_INFO = NO;
				SDKROOT = iphoneos;
				SWIFT_COMPILATION_MODE = wholemodule;
				SWIFT_OPTIMIZATION_LEVEL = "-O";
				VALIDATE_PRODUCT = YES;
			};
			name = Release;
		};
		8654309221B42AEC00C6CC31 /* Debug */ = {
			isa = XCBuildConfiguration;
			buildSettings = {
				ASSETCATALOG_COMPILER_APPICON_NAME = AppIcon;
				CODE_SIGN_STYLE = Automatic;
				DEVELOPMENT_TEAM = PB9TKER99Y;
				INFOPLIST_FILE = Spark/Info.plist;
				LD_RUNPATH_SEARCH_PATHS = (
					"$(inherited)",
					"@executable_path/Frameworks",
				);
				PRODUCT_BUNDLE_IDENTIFIER = SparkInc.Spark;
				PRODUCT_NAME = "$(TARGET_NAME)";
				SWIFT_VERSION = 4.0;
				TARGETED_DEVICE_FAMILY = 1;
			};
			name = Debug;
		};
		8654309321B42AEC00C6CC31 /* Release */ = {
			isa = XCBuildConfiguration;
			buildSettings = {
				ASSETCATALOG_COMPILER_APPICON_NAME = AppIcon;
				CODE_SIGN_STYLE = Automatic;
				DEVELOPMENT_TEAM = PB9TKER99Y;
				INFOPLIST_FILE = Spark/Info.plist;
				LD_RUNPATH_SEARCH_PATHS = (
					"$(inherited)",
					"@executable_path/Frameworks",
				);
				PRODUCT_BUNDLE_IDENTIFIER = SparkInc.Spark;
				PRODUCT_NAME = "$(TARGET_NAME)";
				SWIFT_VERSION = 4.0;
				TARGETED_DEVICE_FAMILY = 1;
			};
			name = Release;
		};
/* End XCBuildConfiguration section */

/* Begin XCConfigurationList section */
		8654307A21B42AE900C6CC31 /* Build configuration list for PBXProject "Spark" */ = {
			isa = XCConfigurationList;
			buildConfigurations = (
				8654308F21B42AEC00C6CC31 /* Debug */,
				8654309021B42AEC00C6CC31 /* Release */,
			);
			defaultConfigurationIsVisible = 0;
			defaultConfigurationName = Release;
		};
		8654309121B42AEC00C6CC31 /* Build configuration list for PBXNativeTarget "Spark" */ = {
			isa = XCConfigurationList;
			buildConfigurations = (
				8654309221B42AEC00C6CC31 /* Debug */,
				8654309321B42AEC00C6CC31 /* Release */,
			);
			defaultConfigurationIsVisible = 0;
			defaultConfigurationName = Release;
		};
/* End XCConfigurationList section */
	};
	rootObject = 8654307721B42AE900C6CC31 /* Project object */;
}
